{
  "name": "js-quick-n-dirty",
  "lockfileVersion": 3,
  "requires": true,
  "packages": {
    "": {
      "name": "js-quick-n-dirty",
      "dependencies": {
        "@hono/node-server": "^1.12.0",
        "@types/node": "^20.14.12",
        "artia.db": "^1.1.1",
        "hono": "^4.5.1",
        "jssha": "^3.3.1",
        "typescript": "^5.5.4"
      }
    },
    "node_modules/@hono/node-server": {
      "version": "1.12.0",
      "resolved": "https://registry.npmjs.org/@hono/node-server/-/node-server-1.12.0.tgz",
      "integrity": "sha512-e6oHjNiErRxsZRZBmc2KucuvY3btlO/XPncIpP2X75bRdTilF9GLjm3NHvKKunpJbbJJj31/FoPTksTf8djAVw==",
      "engines": {
        "node": ">=18.14.1"
      }
    },
    "node_modules/@types/node": {
      "version": "20.14.12",
      "resolved": "https://registry.npmjs.org/@types/node/-/node-20.14.12.tgz",
      "integrity": "sha512-r7wNXakLeSsGT0H1AU863vS2wa5wBOK4bWMjZz2wj+8nBx+m5PeIn0k8AloSLpRuiwdRQZwarZqHE4FNArPuJQ==",
      "dependencies": {
        "undici-types": "~5.26.4"
      }
    },
    "node_modules/artia.db": {
      "version": "1.1.1",
      "resolved": "https://registry.npmjs.org/artia.db/-/artia.db-1.1.1.tgz",
      "integrity": "sha512-AkAZtljvrdhVV6awjxnaZ7hvVG/pwDVX5E9usWJChgVUk+D2m+gH5cNtTlGsXB8T7Q7EsOcVQR1yPQKNmgCrNw==",
      "dependencies": {
        "fs": "^0.0.1-security"
      }
    },
    "node_modules/fs": {
      "version": "0.0.1-security",
      "resolved": "https://registry.npmjs.org/fs/-/fs-0.0.1-security.tgz",
      "integrity": "sha512-3XY9e1pP0CVEUCdj5BmfIZxRBTSDycnbqhIOGec9QYtmVH2fbLpj86CFWkrNOkt/Fvty4KZG5lTglL9j/gJ87w=="
    },
    "node_modules/hono": {
      "version": "4.5.1",
      "resolved": "https://registry.npmjs.org/hono/-/hono-4.5.1.tgz",
      "integrity": "sha512-6q8AugoWG5wlrjdGG8OFFiqEsPlPGjODjUik48sEJeko4Tae1UsLS2vUiYHLEJx1gJvOZa4BWkQC+urwDmkEvQ==",
      "engines": {
        "node": ">=16.0.0"
      }
    },
    "node_modules/jssha": {
      "version": "3.3.1",
      "resolved": "https://registry.npmjs.org/jssha/-/jssha-3.3.1.tgz",
      "integrity": "sha512-VCMZj12FCFMQYcFLPRm/0lOBbLi8uM2BhXPTqw3U4YAfs4AZfiApOoBLoN8cQE60Z50m1MYMTQVCfgF/KaCVhQ==",
      "engines": {
        "node": "*"
      }
    },
    "node_modules/typescript": {
      "version": "5.5.4",
      "resolved": "https://registry.npmjs.org/typescript/-/typescript-5.5.4.tgz",
      "integrity": "sha512-Mtq29sKDAEYP7aljRgtPOpTvOfbwRWlS6dPRzwjdE+C0R4brX/GUyhHSecbHMFLNBLcJIPt9nl9yG5TZ1weH+Q==",
      "bin": {
        "tsc": "bin/tsc",
        "tsserver": "bin/tsserver"
      },
      "engines": {
        "node": ">=14.17"
      }
    },
    "node_modules/undici-types": {
      "version": "5.26.5",
      "resolved": "https://registry.npmjs.org/undici-types/-/undici-types-5.26.5.tgz",
      "integrity": "sha512-JlCMO+ehdEIKqlFxk6IfVoAUVmgz7cU7zD/h9XZ0qzeosSHmUJVOzSQvvYSYWXkFXC+IfLKSIffhv0sVZup6pA=="
    }
  }
}
